// !$*UTF8*$!
{
	archiveVersion = 1;
	classes = {
	};
	objectVersion = 46;
	objects = {

/* Begin PBXBuildFile section */
		01AFFB291F5F9E1400A59964 /* AppDelegate.swift in Sources */ = {isa = PBXBuildFile; fileRef = 01AFFB281F5F9E1400A59964 /* AppDelegate.swift */; };
		01AFFB2B1F5F9E1400A59964 /* ViewController.swift in Sources */ = {isa = PBXBuildFile; fileRef = 01AFFB2A1F5F9E1400A59964 /* ViewController.swift */; };
		01AFFB2E1F5F9E1400A59964 /* Main.storyboard in Resources */ = {isa = PBXBuildFile; fileRef = 01AFFB2C1F5F9E1400A59964 /* Main.storyboard */; };
		01AFFB301F5F9E1400A59964 /* Assets.xcassets in Resources */ = {isa = PBXBuildFile; fileRef = 01AFFB2F1F5F9E1400A59964 /* Assets.xcassets */; };
		01AFFB331F5F9E1400A59964 /* LaunchScreen.storyboard in Resources */ = {isa = PBXBuildFile; fileRef = 01AFFB311F5F9E1400A59964 /* LaunchScreen.storyboard */; };
		01AFFB3E1F5F9E1400A59964 /* Rec_eteA_7_24Tests.swift in Sources */ = {isa = PBXBuildFile; fileRef = 01AFFB3D1F5F9E1400A59964 /* Rec_eteA_7_24Tests.swift */; };
		01AFFB491F5F9E1400A59964 /* Rec_eteA_7_24UITests.swift in Sources */ = {isa = PBXBuildFile; fileRef = 01AFFB481F5F9E1400A59964 /* Rec_eteA_7_24UITests.swift */; };
/* End PBXBuildFile section */

/* Begin PBXContainerItemProxy section */
		01AFFB3A1F5F9E1400A59964 /* PBXContainerItemProxy */ = {
			isa = PBXContainerItemProxy;
			containerPortal = 01AFFB1D1F5F9E1400A59964 /* Project object */;
			proxyType = 1;
			remoteGlobalIDString = 01AFFB241F5F9E1400A59964;
			remoteInfo = "ReçeteA-7-24";
		};
		01AFFB451F5F9E1400A59964 /* PBXContainerItemProxy */ = {
			isa = PBXContainerItemProxy;
			containerPortal = 01AFFB1D1F5F9E1400A59964 /* Project object */;
			proxyType = 1;
			remoteGlobalIDString = 01AFFB241F5F9E1400A59964;
			remoteInfo = "ReçeteA-7-24";
		};
/* End PBXContainerItemProxy section */

/* Begin PBXFileReference section */
		01AFFB251F5F9E1400A59964 /* ReçeteA-7-24.app */ = {isa = PBXFileReference; explicitFileType = wrapper.application; includeInIndex = 0; path = "ReçeteA-7-24.app"; sourceTree = BUILT_PRODUCTS_DIR; };
		01AFFB281F5F9E1400A59964 /* AppDelegate.swift */ = {isa = PBXFileReference; lastKnownFileType = sourcecode.swift; path = AppDelegate.swift; sourceTree = "<group>"; };
		01AFFB2A1F5F9E1400A59964 /* ViewController.swift */ = {isa = PBXFileReference; lastKnownFileType = sourcecode.swift; path = ViewController.swift; sourceTree = "<group>"; };
		01AFFB2D1F5F9E1400A59964 /* Base */ = {isa = PBXFileReference; lastKnownFileType = file.storyboard; name = Base; path = Base.lproj/Main.storyboard; sourceTree = "<group>"; };
		01AFFB2F1F5F9E1400A59964 /* Assets.xcassets */ = {isa = PBXFileReference; lastKnownFileType = folder.assetcatalog; path = Assets.xcassets; sourceTree = "<group>"; };
		01AFFB321F5F9E1400A59964 /* Base */ = {isa = PBXFileReference; lastKnownFileType = file.storyboard; name = Base; path = Base.lproj/LaunchScreen.storyboard; sourceTree = "<group>"; };
		01AFFB341F5F9E1400A59964 /* Info.plist */ = {isa = PBXFileReference; lastKnownFileType = text.plist.xml; path = Info.plist; sourceTree = "<group>"; };
		01AFFB391F5F9E1400A59964 /* ReçeteA-7-24Tests.xctest */ = {isa = PBXFileReference; explicitFileType = wrapper.cfbundle; includeInIndex = 0; path = "ReçeteA-7-24Tests.xctest"; sourceTree = BUILT_PRODUCTS_DIR; };
		01AFFB3D1F5F9E1400A59964 /* Rec_eteA_7_24Tests.swift */ = {isa = PBXFileReference; lastKnownFileType = sourcecode.swift; path = Rec_eteA_7_24Tests.swift; sourceTree = "<group>"; };
		01AFFB3F1F5F9E1400A59964 /* Info.plist */ = {isa = PBXFileReference; lastKnownFileType = text.plist.xml; path = Info.plist; sourceTree = "<group>"; };
		01AFFB441F5F9E1400A59964 /* ReçeteA-7-24UITests.xctest */ = {isa = PBXFileReference; explicitFileType = wrapper.cfbundle; includeInIndex = 0; path = "ReçeteA-7-24UITests.xctest"; sourceTree = BUILT_PRODUCTS_DIR; };
		01AFFB481F5F9E1400A59964 /* Rec_eteA_7_24UITests.swift */ = {isa = PBXFileReference; lastKnownFileType = sourcecode.swift; path = Rec_eteA_7_24UITests.swift; sourceTree = "<group>"; };
		01AFFB4A1F5F9E1400A59964 /* Info.plist */ = {isa = PBXFileReference; lastKnownFileType = text.plist.xml; path = Info.plist; sourceTree = "<group>"; };
/* End PBXFileReference section */

/* Begin PBXFrameworksBuildPhase section */
		01AFFB221F5F9E1400A59964 /* Frameworks */ = {
			isa = PBXFrameworksBuildPhase;
			buildActionMask = 2147483647;
			files = (
			);
			runOnlyForDeploymentPostprocessing = 0;
		};
		01AFFB361F5F9E1400A59964 /* Frameworks */ = {
			isa = PBXFrameworksBuildPhase;
			buildActionMask = 2147483647;
			files = (
			);
			runOnlyForDeploymentPostprocessing = 0;
		};
		01AFFB411F5F9E1400A59964 /* Frameworks */ = {
			isa = PBXFrameworksBuildPhase;
			buildActionMask = 2147483647;
			files = (
			);
			runOnlyForDeploymentPostprocessing = 0;
		};
/* End PBXFrameworksBuildPhase section */

/* Begin PBXGroup section */
		01AFFB1C1F5F9E1400A59964 = {
			isa = PBXGroup;
			children = (
				01AFFB271F5F9E1400A59964 /* ReçeteA-7-24 */,
				01AFFB3C1F5F9E1400A59964 /* ReçeteA-7-24Tests */,
				01AFFB471F5F9E1400A59964 /* ReçeteA-7-24UITests */,
				01AFFB261F5F9E1400A59964 /* Products */,
			);
			sourceTree = "<group>";
		};
		01AFFB261F5F9E1400A59964 /* Products */ = {
			isa = PBXGroup;
			children = (
				01AFFB251F5F9E1400A59964 /* ReçeteA-7-24.app */,
				01AFFB391F5F9E1400A59964 /* ReçeteA-7-24Tests.xctest */,
				01AFFB441F5F9E1400A59964 /* ReçeteA-7-24UITests.xctest */,
			);
			name = Products;
			sourceTree = "<group>";
		};
		01AFFB271F5F9E1400A59964 /* ReçeteA-7-24 */ = {
			isa = PBXGroup;
			children = (
				01AFFB281F5F9E1400A59964 /* AppDelegate.swift */,
				01AFFB2A1F5F9E1400A59964 /* ViewController.swift */,
				01AFFB2C1F5F9E1400A59964 /* Main.storyboard */,
				01AFFB2F1F5F9E1400A59964 /* Assets.xcassets */,
				01AFFB311F5F9E1400A59964 /* LaunchScreen.storyboard */,
				01AFFB341F5F9E1400A59964 /* Info.plist */,
			);
			path = "ReçeteA-7-24";
			sourceTree = "<group>";
		};
		01AFFB3C1F5F9E1400A59964 /* ReçeteA-7-24Tests */ = {
			isa = PBXGroup;
			children = (
				01AFFB3D1F5F9E1400A59964 /* Rec_eteA_7_24Tests.swift */,
				01AFFB3F1F5F9E1400A59964 /* Info.plist */,
			);
			path = "ReçeteA-7-24Tests";
			sourceTree = "<group>";
		};
		01AFFB471F5F9E1400A59964 /* ReçeteA-7-24UITests */ = {
			isa = PBXGroup;
			children = (
				01AFFB481F5F9E1400A59964 /* Rec_eteA_7_24UITests.swift */,
				01AFFB4A1F5F9E1400A59964 /* Info.plist */,
			);
			path = "ReçeteA-7-24UITests";
			sourceTree = "<group>";
		};
/* End PBXGroup section */

/* Begin PBXNativeTarget section */
		01AFFB241F5F9E1400A59964 /* ReçeteA-7-24 */ = {
			isa = PBXNativeTarget;
			buildConfigurationList = 01AFFB4D1F5F9E1400A59964 /* Build configuration list for PBXNativeTarget "ReçeteA-7-24" */;
			buildPhases = (
				01AFFB211F5F9E1400A59964 /* Sources */,
				01AFFB221F5F9E1400A59964 /* Frameworks */,
				01AFFB231F5F9E1400A59964 /* Resources */,
			);
			buildRules = (
			);
			dependencies = (
			);
			name = "ReçeteA-7-24";
			productName = "ReçeteA-7-24";
			productReference = 01AFFB251F5F9E1400A59964 /* ReçeteA-7-24.app */;
			productType = "com.apple.product-type.application";
		};
		01AFFB381F5F9E1400A59964 /* ReçeteA-7-24Tests */ = {
			isa = PBXNativeTarget;
			buildConfigurationList = 01AFFB501F5F9E1400A59964 /* Build configuration list for PBXNativeTarget "ReçeteA-7-24Tests" */;
			buildPhases = (
				01AFFB351F5F9E1400A59964 /* Sources */,
				01AFFB361F5F9E1400A59964 /* Frameworks */,
				01AFFB371F5F9E1400A59964 /* Resources */,
			);
			buildRules = (
			);
			dependencies = (
				01AFFB3B1F5F9E1400A59964 /* PBXTargetDependency */,
			);
			name = "ReçeteA-7-24Tests";
			productName = "ReçeteA-7-24Tests";
			productReference = 01AFFB391F5F9E1400A59964 /* ReçeteA-7-24Tests.xctest */;
			productType = "com.apple.product-type.bundle.unit-test";
		};
		01AFFB431F5F9E1400A59964 /* ReçeteA-7-24UITests */ = {
			isa = PBXNativeTarget;
			buildConfigurationList = 01AFFB531F5F9E1400A59964 /* Build configuration list for PBXNativeTarget "ReçeteA-7-24UITests" */;
			buildPhases = (
				01AFFB401F5F9E1400A59964 /* Sources */,
				01AFFB411F5F9E1400A59964 /* Frameworks */,
				01AFFB421F5F9E1400A59964 /* Resources */,
			);
			buildRules = (
			);
			dependencies = (
				01AFFB461F5F9E1400A59964 /* PBXTargetDependency */,
			);
			name = "ReçeteA-7-24UITests";
			productName = "ReçeteA-7-24UITests";
			productReference = 01AFFB441F5F9E1400A59964 /* ReçeteA-7-24UITests.xctest */;
			productType = "com.apple.product-type.bundle.ui-testing";
		};
/* End PBXNativeTarget section */

/* Begin PBXProject section */
		01AFFB1D1F5F9E1400A59964 /* Project object */ = {
			isa = PBXProject;
			attributes = {
				LastSwiftUpdateCheck = 0830;
				LastUpgradeCheck = 0830;
				ORGANIZATIONNAME = YILMAZ;
				TargetAttributes = {
					01AFFB241F5F9E1400A59964 = {
						CreatedOnToolsVersion = 8.3.3;
						DevelopmentTeam = 98X7S4Y4AT;
						ProvisioningStyle = Automatic;
					};
					01AFFB381F5F9E1400A59964 = {
						CreatedOnToolsVersion = 8.3.3;
						DevelopmentTeam = 98X7S4Y4AT;
						ProvisioningStyle = Automatic;
						TestTargetID = 01AFFB241F5F9E1400A59964;
					};
					01AFFB431F5F9E1400A59964 = {
						CreatedOnToolsVersion = 8.3.3;
						DevelopmentTeam = 98X7S4Y4AT;
						ProvisioningStyle = Automatic;
						TestTargetID = 01AFFB241F5F9E1400A59964;
					};
				};
			};
			buildConfigurationList = 01AFFB201F5F9E1400A59964 /* Build configuration list for PBXProject "ReçeteA-7-24" */;
			compatibilityVersion = "Xcode 3.2";
			developmentRegion = English;
			hasScannedForEncodings = 0;
			knownRegions = (
				en,
				Base,
			);
			mainGroup = 01AFFB1C1F5F9E1400A59964;
			productRefGroup = 01AFFB261F5F9E1400A59964 /* Products */;
			projectDirPath = "";
			projectRoot = "";
			targets = (
				01AFFB241F5F9E1400A59964 /* ReçeteA-7-24 */,
				01AFFB381F5F9E1400A59964 /* ReçeteA-7-24Tests */,
				01AFFB431F5F9E1400A59964 /* ReçeteA-7-24UITests */,
			);
		};
/* End PBXProject section */

/* Begin PBXResourcesBuildPhase section */
		01AFFB231F5F9E1400A59964 /* Resources */ = {
			isa = PBXResourcesBuildPhase;
			buildActionMask = 2147483647;
			files = (
				01AFFB331F5F9E1400A59964 /* LaunchScreen.storyboard in Resources */,
				01AFFB301F5F9E1400A59964 /* Assets.xcassets in Resources */,
				01AFFB2E1F5F9E1400A59964 /* Main.storyboard in Resources */,
			);
			runOnlyForDeploymentPostprocessing = 0;
		};
		01AFFB371F5F9E1400A59964 /* Resources */ = {
			isa = PBXResourcesBuildPhase;
			buildActionMask = 2147483647;
			files = (
			);
			runOnlyForDeploymentPostprocessing = 0;
		};
		01AFFB421F5F9E1400A59964 /* Resources */ = {
			isa = PBXResourcesBuildPhase;
			buildActionMask = 2147483647;
			files = (
			);
			runOnlyForDeploymentPostprocessing = 0;
		};
/* End PBXResourcesBuildPhase section */

/* Begin PBXSourcesBuildPhase section */
		01AFFB211F5F9E1400A59964 /* Sources */ = {
			isa = PBXSourcesBuildPhase;
			buildActionMask = 2147483647;
			files = (
				01AFFB2B1F5F9E1400A59964 /* ViewController.swift in Sources */,
				01AFFB291F5F9E1400A59964 /* AppDelegate.swift in Sources */,
			);
			runOnlyForDeploymentPostprocessing = 0;
		};
		01AFFB351F5F9E1400A59964 /* Sources */ = {
			isa = PBXSourcesBuildPhase;
			buildActionMask = 2147483647;
			files = (
				01AFFB3E1F5F9E1400A59964 /* Rec_eteA_7_24Tests.swift in Sources */,
			);
			runOnlyForDeploymentPostprocessing = 0;
		};
		01AFFB401F5F9E1400A59964 /* Sources */ = {
			isa = PBXSourcesBuildPhase;
			buildActionMask = 2147483647;
			files = (
				01AFFB491F5F9E1400A59964 /* Rec_eteA_7_24UITests.swift in Sources */,
			);
			runOnlyForDeploymentPostprocessing = 0;
		};
/* End PBXSourcesBuildPhase section */

/* Begin PBXTargetDependency section */
		01AFFB3B1F5F9E1400A59964 /* PBXTargetDependency */ = {
			isa = PBXTargetDependency;
			target = 01AFFB241F5F9E1400A59964 /* ReçeteA-7-24 */;
			targetProxy = 01AFFB3A1F5F9E1400A59964 /* PBXContainerItemProxy */;
		};
		01AFFB461F5F9E1400A59964 /* PBXTargetDependency */ = {
			isa = PBXTargetDependency;
			target = 01AFFB241F5F9E1400A59964 /* ReçeteA-7-24 */;
			targetProxy = 01AFFB451F5F9E1400A59964 /* PBXContainerItemProxy */;
		};
/* End PBXTargetDependency section */

/* Begin PBXVariantGroup section */
		01AFFB2C1F5F9E1400A59964 /* Main.storyboard */ = {
			isa = PBXVariantGroup;
			children = (
				01AFFB2D1F5F9E1400A59964 /* Base */,
			);
			name = Main.storyboard;
			sourceTree = "<group>";
		};
		01AFFB311F5F9E1400A59964 /* LaunchScreen.storyboard */ = {
			isa = PBXVariantGroup;
			children = (
				01AFFB321F5F9E1400A59964 /* Base */,
			);
			name = LaunchScreen.storyboard;
			sourceTree = "<group>";
		};
/* End PBXVariantGroup section */

/* Begin XCBuildConfiguration section */
		01AFFB4B1F5F9E1400A59964 /* Debug */ = {
			isa = XCBuildConfiguration;
			buildSettings = {
				ALWAYS_SEARCH_USER_PATHS = NO;
				CLANG_ANALYZER_NONNULL = YES;
				CLANG_ANALYZER_NUMBER_OBJECT_CONVERSION = YES_AGGRESSIVE;
				CLANG_CXX_LANGUAGE_STANDARD = "gnu++0x";
				CLANG_CXX_LIBRARY = "libc++";
				CLANG_ENABLE_MODULES = YES;
				CLANG_ENABLE_OBJC_ARC = YES;
				CLANG_WARN_BOOL_CONVERSION = YES;
				CLANG_WARN_CONSTANT_CONVERSION = YES;
				CLANG_WARN_DIRECT_OBJC_ISA_USAGE = YES_ERROR;
				CLANG_WARN_DOCUMENTATION_COMMENTS = YES;
				CLANG_WARN_EMPTY_BODY = YES;
				CLANG_WARN_ENUM_CONVERSION = YES;
				CLANG_WARN_INFINITE_RECURSION = YES;
				CLANG_WARN_INT_CONVERSION = YES;
				CLANG_WARN_OBJC_ROOT_CLASS = YES_ERROR;
				CLANG_WARN_SUSPICIOUS_MOVE = YES;
				CLANG_WARN_UNREACHABLE_CODE = YES;
				CLANG_WARN__DUPLICATE_METHOD_MATCH = YES;
				"CODE_SIGN_IDENTITY[sdk=iphoneos*]" = "iPhone Developer";
				COPY_PHASE_STRIP = NO;
				DEBUG_INFORMATION_FORMAT = dwarf;
				ENABLE_STRICT_OBJC_MSGSEND = YES;
				ENABLE_TESTABILITY = YES;
				GCC_C_LANGUAGE_STANDARD = gnu99;
				GCC_DYNAMIC_NO_PIC = NO;
				GCC_NO_COMMON_BLOCKS = YES;
				GCC_OPTIMIZATION_LEVEL = 0;
				GCC_PREPROCESSOR_DEFINITIONS = (
					"DEBUG=1",
					"$(inherited)",
				);
				GCC_WARN_64_TO_32_BIT_CONVERSION = YES;
				GCC_WARN_ABOUT_RETURN_TYPE = YES_ERROR;
				GCC_WARN_UNDECLARED_SELECTOR = YES;
				GCC_WARN_UNINITIALIZED_AUTOS = YES_AGGRESSIVE;
				GCC_WARN_UNUSED_FUNCTION = YES;
				GCC_WARN_UNUSED_VARIABLE = YES;
				IPHONEOS_DEPLOYMENT_TARGET = 10.3;
				MTL_ENABLE_DEBUG_INFO = YES;
				ONLY_ACTIVE_ARCH = YES;
				SDKROOT = iphoneos;
				SWIFT_ACTIVE_COMPILATION_CONDITIONS = DEBUG;
				SWIFT_OPTIMIZATION_LEVEL = "-Onone";
				TARGETED_DEVICE_FAMILY = "1,2";
			};
			name = Debug;
		};
		01AFFB4C1F5F9E1400A59964 /* Release */ = {
			isa = XCBuildConfiguration;
			buildSettings = {
				ALWAYS_SEARCH_USER_PATHS = NO;
				CLANG_ANALYZER_NONNULL = YES;
				CLANG_ANALYZER_NUMBER_OBJECT_CONVERSION = YES_AGGRESSIVE;
				CLANG_CXX_LANGUAGE_STANDARD = "gnu++0x";
				CLANG_CXX_LIBRARY = "libc++";
				CLANG_ENABLE_MODULES = YES;
				CLANG_ENABLE_OBJC_ARC = YES;
				CLANG_WARN_BOOL_CONVERSION = YES;
				CLANG_WARN_CONSTANT_CONVERSION = YES;
				CLANG_WARN_DIRECT_OBJC_ISA_USAGE = YES_ERROR;
				CLANG_WARN_DOCUMENTATION_COMMENTS = YES;
				CLANG_WARN_EMPTY_BODY = YES;
				CLANG_WARN_ENUM_CONVERSION = YES;
				CLANG_WARN_INFINITE_RECURSION = YES;
				CLANG_WARN_INT_CONVERSION = YES;
				CLANG_WARN_OBJC_ROOT_CLASS = YES_ERROR;
				CLANG_WARN_SUSPICIOUS_MOVE = YES;
				CLANG_WARN_UNREACHABLE_CODE = YES;
				CLANG_WARN__DUPLICATE_METHOD_MATCH = YES;
				"CODE_SIGN_IDENTITY[sdk=iphoneos*]" = "iPhone Developer";
				COPY_PHASE_STRIP = NO;
				DEBUG_INFORMATION_FORMAT = "dwarf-with-dsym";
				ENABLE_NS_ASSERTIONS = NO;
				ENABLE_STRICT_OBJC_MSGSEND = YES;
				GCC_C_LANGUAGE_STANDARD = gnu99;
				GCC_NO_COMMON_BLOCKS = YES;
				GCC_WARN_64_TO_32_BIT_CONVERSION = YES;
				GCC_WARN_ABOUT_RETURN_TYPE = YES_ERROR;
				GCC_WARN_UNDECLARED_SELECTOR = YES;
				GCC_WARN_UNINITIALIZED_AUTOS = YES_AGGRESSIVE;
				GCC_WARN_UNUSED_FUNCTION = YES;
				GCC_WARN_UNUSED_VARIABLE = YES;
				IPHONEOS_DEPLOYMENT_TARGET = 10.3;
				MTL_ENABLE_DEBUG_INFO = NO;
				SDKROOT = iphoneos;
				SWIFT_OPTIMIZATION_LEVEL = "-Owholemodule";
				TARGETED_DEVICE_FAMILY = "1,2";
				VALIDATE_PRODUCT = YES;
			};
			name = Release;
		};
		01AFFB4E1F5F9E1400A59964 /* Debug */ = {
			isa = XCBuildConfiguration;
			buildSettings = {
				ASSETCATALOG_COMPILER_APPICON_NAME = AppIcon;
				DEVELOPMENT_TEAM = 98X7S4Y4AT;
				INFOPLIST_FILE = "ReçeteA-7-24/Info.plist";
				LD_RUNPATH_SEARCH_PATHS = "$(inherited) @executable_path/Frameworks";
				PRODUCT_BUNDLE_IDENTIFIER = "com.recete.yilmazer.Rec-eteA-7-24";
				PRODUCT_NAME = "$(TARGET_NAME)";
				SWIFT_VERSION = 3.0;
			};
			name = Debug;
		};
		01AFFB4F1F5F9E1400A59964 /* Release */ = {
			isa = XCBuildConfiguration;
			buildSettings = {
				ASSETCATALOG_COMPILER_APPICON_NAME = AppIcon;
				DEVELOPMENT_TEAM = 98X7S4Y4AT;
				INFOPLIST_FILE = "ReçeteA-7-24/Info.plist";
				LD_RUNPATH_SEARCH_PATHS = "$(inherited) @executable_path/Frameworks";
				PRODUCT_BUNDLE_IDENTIFIER = "com.recete.yilmazer.Rec-eteA-7-24";
				PRODUCT_NAME = "$(TARGET_NAME)";
				SWIFT_VERSION = 3.0;
			};
			name = Release;
		};
		01AFFB511F5F9E1400A59964 /* Debug */ = {
			isa = XCBuildConfiguration;
			buildSettings = {
				ALWAYS_EMBED_SWIFT_STANDARD_LIBRARIES = YES;
				BUNDLE_LOADER = "$(TEST_HOST)";
				DEVELOPMENT_TEAM = 98X7S4Y4AT;
				INFOPLIST_FILE = "ReçeteA-7-24Tests/Info.plist";
				LD_RUNPATH_SEARCH_PATHS = "$(inherited) @executable_path/Frameworks @loader_path/Frameworks";
				PRODUCT_BUNDLE_IDENTIFIER = "com.recete.yilmazer.Rec-eteA-7-24Tests";
				PRODUCT_NAME = "$(TARGET_NAME)";
				SWIFT_VERSION = 3.0;
				TEST_HOST = "$(BUILT_PRODUCTS_DIR)/ReçeteA-7-24.app/ReçeteA-7-24";
			};
			name = Debug;
		};
		01AFFB521F5F9E1400A59964 /* Release */ = {
			isa = XCBuildConfiguration;
			buildSettings = {
				ALWAYS_EMBED_SWIFT_STANDARD_LIBRARIES = YES;
				BUNDLE_LOADER = "$(TEST_HOST)";
				DEVELOPMENT_TEAM = 98X7S4Y4AT;
				INFOPLIST_FILE = "ReçeteA-7-24Tests/Info.plist";
				LD_RUNPATH_SEARCH_PATHS = "$(inherited) @executable_path/Frameworks @loader_path/Frameworks";
				PRODUCT_BUNDLE_IDENTIFIER = "com.recete.yilmazer.Rec-eteA-7-24Tests";
				PRODUCT_NAME = "$(TARGET_NAME)";
				SWIFT_VERSION = 3.0;
				TEST_HOST = "$(BUILT_PRODUCTS_DIR)/ReçeteA-7-24.app/ReçeteA-7-24";
			};
			name = Release;
		};
		01AFFB541F5F9E1400A59964 /* Debug */ = {
			isa = XCBuildConfiguration;
			buildSettings = {
				ALWAYS_EMBED_SWIFT_STANDARD_LIBRARIES = YES;
				DEVELOPMENT_TEAM = 98X7S4Y4AT;
				INFOPLIST_FILE = "ReçeteA-7-24UITests/Info.plist";
				LD_RUNPATH_SEARCH_PATHS = "$(inherited) @executable_path/Frameworks @loader_path/Frameworks";
				PRODUCT_BUNDLE_IDENTIFIER = "com.recete.yilmazer.Rec-eteA-7-24UITests";
				PRODUCT_NAME = "$(TARGET_NAME)";
				SWIFT_VERSION = 3.0;
				TEST_TARGET_NAME = "ReçeteA-7-24";
			};
			name = Debug;
		};
		01AFFB551F5F9E1400A59964 /* Release */ = {
			isa = XCBuildConfiguration;
			buildSettings = {
				ALWAYS_EMBED_SWIFT_STANDARD_LIBRARIES = YES;
				DEVELOPMENT_TEAM = 98X7S4Y4AT;
				INFOPLIST_FILE = "ReçeteA-7-24UITests/Info.plist";
				LD_RUNPATH_SEARCH_PATHS = "$(inherited) @executable_path/Frameworks @loader_path/Frameworks";
				PRODUCT_BUNDLE_IDENTIFIER = "com.recete.yilmazer.Rec-eteA-7-24UITests";
				PRODUCT_NAME = "$(TARGET_NAME)";
				SWIFT_VERSION = 3.0;
				TEST_TARGET_NAME = "ReçeteA-7-24";
			};
			name = Release;
		};
/* End XCBuildConfiguration section */

/* Begin XCConfigurationList section */
		01AFFB201F5F9E1400A59964 /* Build configuration list for PBXProject "ReçeteA-7-24" */ = {
			isa = XCConfigurationList;
			buildConfigurations = (
				01AFFB4B1F5F9E1400A59964 /* Debug */,
				01AFFB4C1F5F9E1400A59964 /* Release */,
			);
			defaultConfigurationIsVisible = 0;
			defaultConfigurationName = Release;
		};
		01AFFB4D1F5F9E1400A59964 /* Build configuration list for PBXNativeTarget "ReçeteA-7-24" */ = {
			isa = XCConfigurationList;
			buildConfigurations = (
				01AFFB4E1F5F9E1400A59964 /* Debug */,
				01AFFB4F1F5F9E1400A59964 /* Release */,
			);
			defaultConfigurationIsVisible = 0;
		};
		01AFFB501F5F9E1400A59964 /* Build configuration list for PBXNativeTarget "ReçeteA-7-24Tests" */ = {
			isa = XCConfigurationList;
			buildConfigurations = (
				01AFFB511F5F9E1400A59964 /* Debug */,
				01AFFB521F5F9E1400A59964 /* Release */,
			);
			defaultConfigurationIsVisible = 0;
		};
		01AFFB531F5F9E1400A59964 /* Build configuration list for PBXNativeTarget "ReçeteA-7-24UITests" */ = {
			isa = XCConfigurationList;
			buildConfigurations = (
				01AFFB541F5F9E1400A59964 /* Debug */,
				01AFFB551F5F9E1400A59964 /* Release */,
			);
			defaultConfigurationIsVisible = 0;
		};
/* End XCConfigurationList section */
	};
	rootObject = 01AFFB1D1F5F9E1400A59964 /* Project object */;
}
